
Microsoft Visual Studio Solution File, Format Version 12.00
# Visual Studio 14
VisualStudioVersion = 14.0.25123.0
MinimumVisualStudioVersion = 10.0.40219.1
Project("{2150E333-8FDC-42A3-9474-1A3956D46DE8}") = "01 - Presentation", "01 - Presentation", "{1C15635D-136C-4733-BE9D-F6F36ADF80B4}"
EndProject
Project("{2150E333-8FDC-42A3-9474-1A3956D46DE8}") = "02 - Services", "02 - Services", "{30D04A1C-6B5B-433F-B8FB-93871B9658C7}"
EndProject
Project("{2150E333-8FDC-42A3-9474-1A3956D46DE8}") = "03 - Application", "03 - Application", "{ED271B09-47B9-4826-AA5C-C2D6E84203EE}"
EndProject
Project("{2150E333-8FDC-42A3-9474-1A3956D46DE8}") = "04 - Domain", "04 - Domain", "{A4ED7A8C-7B22-4DD6-BF72-0FE9A1DEEAE5}"
EndProject
Project("{2150E333-8FDC-42A3-9474-1A3956D46DE8}") = "05 - Infra", "05 - Infra", "{1D99247D-92A8-4FD1-B6FE-418EDF6FD834}"
EndProject
Project("{2150E333-8FDC-42A3-9474-1A3956D46DE8}") = "5.1 - Data", "5.1 - Data", "{CDD5B794-5420-44FB-BF2F-08CBB6782DFC}"
EndProject
Project("{2150E333-8FDC-42A3-9474-1A3956D46DE8}") = "5.2 - CrossCutting", "5.2 - CrossCutting", "{E7693504-72A2-4B2C-A16D-85E39FE234A5}"
EndProject
Project("{FAE04EC0-301F-11D3-BF4B-00C04F79EFBC}") = "ZephirCollection.MVC", "MVC\ZephirCollection.MVC.csproj", "{705E5A98-E45A-4AA0-82DD-367A432C1E0C}"
EndProject
Project("{FAE04EC0-301F-11D3-BF4B-00C04F79EFBC}") = "ZephirCollection.Domain", "ProjetoModeloDDD.Domain\ZephirCollection.Domain.csproj", "{3B516984-C86A-492B-8376-493A2DA922CA}"
EndProject
Project("{FAE04EC0-301F-11D3-BF4B-00C04F79EFBC}") = "ZephirCollection.Infra.Data", "ProjetoModeloDDD.Infra.Data\ZephirCollection.Infra.Data.csproj", "{EC4AB184-5675-4E58-80B9-2BED5ACD6910}"
EndProject
Project("{FAE04EC0-301F-11D3-BF4B-00C04F79EFBC}") = "ZephirCollection.Application", "ProjetoModeloDDD.Application\ZephirCollection.Application.csproj", "{317EA651-2FBA-438B-9553-E047AE367A49}"
EndProject
Global
	GlobalSection(SolutionConfigurationPlatforms) = preSolution
		Debug|Any CPU = Debug|Any CPU
		Release|Any CPU = Release|Any CPU
	EndGlobalSection
	GlobalSection(ProjectConfigurationPlatforms) = postSolution
		{705E5A98-E45A-4AA0-82DD-367A432C1E0C}.Debug|Any CPU.ActiveCfg = Debug|Any CPU
		{705E5A98-E45A-4AA0-82DD-367A432C1E0C}.Debug|Any CPU.Build.0 = Debug|Any CPU
		{705E5A98-E45A-4AA0-82DD-367A432C1E0C}.Release|Any CPU.ActiveCfg = Release|Any CPU
		{705E5A98-E45A-4AA0-82DD-367A432C1E0C}.Release|Any CPU.Build.0 = Release|Any CPU
		{3B516984-C86A-492B-8376-493A2DA922CA}.Debug|Any CPU.ActiveCfg = Debug|Any CPU
		{3B516984-C86A-492B-8376-493A2DA922CA}.Debug|Any CPU.Build.0 = Debug|Any CPU
		{3B516984-C86A-492B-8376-493A2DA922CA}.Release|Any CPU.ActiveCfg = Release|Any CPU
		{3B516984-C86A-492B-8376-493A2DA922CA}.Release|Any CPU.Build.0 = Release|Any CPU
		{EC4AB184-5675-4E58-80B9-2BED5ACD6910}.Debug|Any CPU.ActiveCfg = Debug|Any CPU
		{EC4AB184-5675-4E58-80B9-2BED5ACD6910}.Debug|Any CPU.Build.0 = Debug|Any CPU
		{EC4AB184-5675-4E58-80B9-2BED5ACD6910}.Release|Any CPU.ActiveCfg = Release|Any CPU
		{EC4AB184-5675-4E58-80B9-2BED5ACD6910}.Release|Any CPU.Build.0 = Release|Any CPU
		{317EA651-2FBA-438B-9553-E047AE367A49}.Debug|Any CPU.ActiveCfg = Debug|Any CPU
		{317EA651-2FBA-438B-9553-E047AE367A49}.Debug|Any CPU.Build.0 = Debug|Any CPU
		{317EA651-2FBA-438B-9553-E047AE367A49}.Release|Any CPU.ActiveCfg = Release|Any CPU
		{317EA651-2FBA-438B-9553-E047AE367A49}.Release|Any CPU.Build.0 = Release|Any CPU
	EndGlobalSection
	GlobalSection(SolutionProperties) = preSolution
		HideSolutionNode = FALSE
	EndGlobalSection
	GlobalSection(NestedProjects) = preSolution
		{CDD5B794-5420-44FB-BF2F-08CBB6782DFC} = {1D99247D-92A8-4FD1-B6FE-418EDF6FD834}
		{E7693504-72A2-4B2C-A16D-85E39FE234A5} = {1D99247D-92A8-4FD1-B6FE-418EDF6FD834}
		{705E5A98-E45A-4AA0-82DD-367A432C1E0C} = {1C15635D-136C-4733-BE9D-F6F36ADF80B4}
		{3B516984-C86A-492B-8376-493A2DA922CA} = {A4ED7A8C-7B22-4DD6-BF72-0FE9A1DEEAE5}
		{EC4AB184-5675-4E58-80B9-2BED5ACD6910} = {CDD5B794-5420-44FB-BF2F-08CBB6782DFC}
		{317EA651-2FBA-438B-9553-E047AE367A49} = {ED271B09-47B9-4826-AA5C-C2D6E84203EE}
	EndGlobalSection
EndGlobal
